
Microsoft Visual Studio Solution File, Format Version 12.00
# Visual Studio Version 16
VisualStudioVersion = 16.0.29519.87
MinimumVisualStudioVersion = 10.0.40219.1
Project("{FAE04EC0-301F-11D3-BF4B-00C04F79EFBC}") = "ConversorFaturasParaMinhasEconomias", "ConversorFaturasParaMinhasEconomias\ConversorFaturasParaMinhasEconomias.csproj", "{FC3B60B7-DC92-4E54-A735-0CE5D80D54B9}"
EndProject
Project("{FAE04EC0-301F-11D3-BF4B-00C04F79EFBC}") = "ConversorFaturasParaMinhasEconomias.Services", "ConversorFaturasParaMinhasEconomias.Services\ConversorFaturasParaMinhasEconomias.Services.csproj", "{52449F2F-658A-4ED8-860E-AE6596636134}"
EndProject
Global
	GlobalSection(SolutionConfigurationPlatforms) = preSolution
		Debug|Any CPU = Debug|Any CPU
		Release|Any CPU = Release|Any CPU
	EndGlobalSection
	GlobalSection(ProjectConfigurationPlatforms) = postSolution
		{FC3B60B7-DC92-4E54-A735-0CE5D80D54B9}.Debug|Any CPU.ActiveCfg = Debug|Any CPU
		{FC3B60B7-DC92-4E54-A735-0CE5D80D54B9}.Debug|Any CPU.Build.0 = Debug|Any CPU
		{FC3B60B7-DC92-4E54-A735-0CE5D80D54B9}.Release|Any CPU.ActiveCfg = Release|Any CPU
		{FC3B60B7-DC92-4E54-A735-0CE5D80D54B9}.Release|Any CPU.Build.0 = Release|Any CPU
		{52449F2F-658A-4ED8-860E-AE6596636134}.Debug|Any CPU.ActiveCfg = Debug|Any CPU
		{52449F2F-658A-4ED8-860E-AE6596636134}.Debug|Any CPU.Build.0 = Debug|Any CPU
		{52449F2F-658A-4ED8-860E-AE6596636134}.Release|Any CPU.ActiveCfg = Release|Any CPU
		{52449F2F-658A-4ED8-860E-AE6596636134}.Release|Any CPU.Build.0 = Release|Any CPU
	EndGlobalSection
	GlobalSection(SolutionProperties) = preSolution
		HideSolutionNode = FALSE
	EndGlobalSection
	GlobalSection(ExtensibilityGlobals) = postSolution
		SolutionGuid = {916E8AE5-34D5-459D-AFD4-80BEFFF4F323}
	EndGlobalSection
EndGlobal
